
Microsoft Visual Studio Solution File, Format Version 12.00
# Visual Studio 15
Project("{FAE04EC0-301F-11D3-BF4B-00C04F79EFBC}") = "Scripts", "Scripts.csproj", "{DCC2EDF9-092F-75DD-FB42-ABA57435F325}"
EndProject
Project("{FAE04EC0-301F-11D3-BF4B-00C04F79EFBC}") = "PlayMode", "PlayMode.csproj", "{F86BD80F-B3C9-12A0-2F0C-2C96EBDBE7AC}"
EndProject
Project("{FAE04EC0-301F-11D3-BF4B-00C04F79EFBC}") = "EditMode", "EditMode.csproj", "{06F56CC9-609B-DF97-D57A-E597DE55E393}"
EndProject
Global
	GlobalSection(SolutionConfigurationPlatforms) = preSolution
		Debug|Any CPU = Debug|Any CPU
		Release|Any CPU = Release|Any CPU
	EndGlobalSection
	GlobalSection(ProjectConfigurationPlatforms) = postSolution
		{DCC2EDF9-092F-75DD-FB42-ABA57435F325}.Debug|Any CPU.ActiveCfg = Debug|Any CPU
		{DCC2EDF9-092F-75DD-FB42-ABA57435F325}.Debug|Any CPU.Build.0 = Debug|Any CPU
		{DCC2EDF9-092F-75DD-FB42-ABA57435F325}.Release|Any CPU.ActiveCfg = Release|Any CPU
		{DCC2EDF9-092F-75DD-FB42-ABA57435F325}.Release|Any CPU.Build.0 = Release|Any CPU
		{F86BD80F-B3C9-12A0-2F0C-2C96EBDBE7AC}.Debug|Any CPU.ActiveCfg = Debug|Any CPU
		{F86BD80F-B3C9-12A0-2F0C-2C96EBDBE7AC}.Debug|Any CPU.Build.0 = Debug|Any CPU
		{F86BD80F-B3C9-12A0-2F0C-2C96EBDBE7AC}.Release|Any CPU.ActiveCfg = Release|Any CPU
		{F86BD80F-B3C9-12A0-2F0C-2C96EBDBE7AC}.Release|Any CPU.Build.0 = Release|Any CPU
		{06F56CC9-609B-DF97-D57A-E597DE55E393}.Debug|Any CPU.ActiveCfg = Debug|Any CPU
		{06F56CC9-609B-DF97-D57A-E597DE55E393}.Debug|Any CPU.Build.0 = Debug|Any CPU
		{06F56CC9-609B-DF97-D57A-E597DE55E393}.Release|Any CPU.ActiveCfg = Release|Any CPU
		{06F56CC9-609B-DF97-D57A-E597DE55E393}.Release|Any CPU.Build.0 = Release|Any CPU
	EndGlobalSection
	GlobalSection(SolutionProperties) = preSolution
		HideSolutionNode = FALSE
	EndGlobalSection
EndGlobal
